
Microsoft Visual Studio Solution File, Format Version 12.00
# Visual Studio Version 16
VisualStudioVersion = 16.0.31729.503
MinimumVisualStudioVersion = 10.0.40219.1
Project("{FAE04EC0-301F-11D3-BF4B-00C04F79EFBC}") = "Projek Tea Break", "Projek Tea Break\Projek Tea Break.csproj", "{B4A66E32-F96D-4F46-923B-073A68100717}"
EndProject
Global
	GlobalSection(SolutionConfigurationPlatforms) = preSolution
		Debug|Any CPU = Debug|Any CPU
		Release|Any CPU = Release|Any CPU
	EndGlobalSection
	GlobalSection(ProjectConfigurationPlatforms) = postSolution
		{B4A66E32-F96D-4F46-923B-073A68100717}.Debug|Any CPU.ActiveCfg = Debug|Any CPU
		{B4A66E32-F96D-4F46-923B-073A68100717}.Debug|Any CPU.Build.0 = Debug|Any CPU
		{B4A66E32-F96D-4F46-923B-073A68100717}.Release|Any CPU.ActiveCfg = Release|Any CPU
		{B4A66E32-F96D-4F46-923B-073A68100717}.Release|Any CPU.Build.0 = Release|Any CPU
	EndGlobalSection
	GlobalSection(SolutionProperties) = preSolution
		HideSolutionNode = FALSE
	EndGlobalSection
	GlobalSection(ExtensibilityGlobals) = postSolution
		SolutionGuid = {C1AC1B27-8CAF-4231-85EF-942257F63633}
	EndGlobalSection
EndGlobal
